// !$*UTF8*$!
{
	archiveVersion = 1;
	classes = {
	};
	objectVersion = 46;
	objects = {

/* Begin PBXBuildFile section */
		A1D7F6F91D9DFE8E00302726 /* AppDelegate.swift in Sources */ = {isa = PBXBuildFile; fileRef = A1D7F6F81D9DFE8E00302726 /* AppDelegate.swift */; };
		A1D7F6FB1D9DFE8E00302726 /* ViewController.swift in Sources */ = {isa = PBXBuildFile; fileRef = A1D7F6FA1D9DFE8E00302726 /* ViewController.swift */; };
		A1D7F6FE1D9DFE8E00302726 /* Main.storyboard in Resources */ = {isa = PBXBuildFile; fileRef = A1D7F6FC1D9DFE8E00302726 /* Main.storyboard */; };
		A1D7F7001D9DFE8E00302726 /* Assets.xcassets in Resources */ = {isa = PBXBuildFile; fileRef = A1D7F6FF1D9DFE8E00302726 /* Assets.xcassets */; };
		A1D7F7031D9DFE8E00302726 /* LaunchScreen.storyboard in Resources */ = {isa = PBXBuildFile; fileRef = A1D7F7011D9DFE8E00302726 /* LaunchScreen.storyboard */; };
		A1D7F70E1D9DFE8E00302726 /* practiceGitTests.swift in Sources */ = {isa = PBXBuildFile; fileRef = A1D7F70D1D9DFE8E00302726 /* practiceGitTests.swift */; };
/* End PBXBuildFile section */

/* Begin PBXContainerItemProxy section */
		A1D7F70A1D9DFE8E00302726 /* PBXContainerItemProxy */ = {
			isa = PBXContainerItemProxy;
			containerPortal = A1D7F6ED1D9DFE8E00302726 /* Project object */;
			proxyType = 1;
			remoteGlobalIDString = A1D7F6F41D9DFE8E00302726;
			remoteInfo = practiceGit;
		};
/* End PBXContainerItemProxy section */

/* Begin PBXFileReference section */
		A1D7F6F51D9DFE8E00302726 /* practiceGit.app */ = {isa = PBXFileReference; explicitFileType = wrapper.application; includeInIndex = 0; path = practiceGit.app; sourceTree = BUILT_PRODUCTS_DIR; };
		A1D7F6F81D9DFE8E00302726 /* AppDelegate.swift */ = {isa = PBXFileReference; lastKnownFileType = sourcecode.swift; path = AppDelegate.swift; sourceTree = "<group>"; };
		A1D7F6FA1D9DFE8E00302726 /* ViewController.swift */ = {isa = PBXFileReference; lastKnownFileType = sourcecode.swift; path = ViewController.swift; sourceTree = "<group>"; };
		A1D7F6FD1D9DFE8E00302726 /* Base */ = {isa = PBXFileReference; lastKnownFileType = file.storyboard; name = Base; path = Base.lproj/Main.storyboard; sourceTree = "<group>"; };
		A1D7F6FF1D9DFE8E00302726 /* Assets.xcassets */ = {isa = PBXFileReference; lastKnownFileType = folder.assetcatalog; path = Assets.xcassets; sourceTree = "<group>"; };
		A1D7F7021D9DFE8E00302726 /* Base */ = {isa = PBXFileReference; lastKnownFileType = file.storyboard; name = Base; path = Base.lproj/LaunchScreen.storyboard; sourceTree = "<group>"; };
		A1D7F7041D9DFE8E00302726 /* Info.plist */ = {isa = PBXFileReference; lastKnownFileType = text.plist.xml; path = Info.plist; sourceTree = "<group>"; };
		A1D7F7091D9DFE8E00302726 /* practiceGitTests.xctest */ = {isa = PBXFileReference; explicitFileType = wrapper.cfbundle; includeInIndex = 0; path = practiceGitTests.xctest; sourceTree = BUILT_PRODUCTS_DIR; };
		A1D7F70D1D9DFE8E00302726 /* practiceGitTests.swift */ = {isa = PBXFileReference; lastKnownFileType = sourcecode.swift; path = practiceGitTests.swift; sourceTree = "<group>"; };
		A1D7F70F1D9DFE8E00302726 /* Info.plist */ = {isa = PBXFileReference; lastKnownFileType = text.plist.xml; path = Info.plist; sourceTree = "<group>"; };
/* End PBXFileReference section */

/* Begin PBXFrameworksBuildPhase section */
		A1D7F6F21D9DFE8E00302726 /* Frameworks */ = {
			isa = PBXFrameworksBuildPhase;
			buildActionMask = 2147483647;
			files = (
			);
			runOnlyForDeploymentPostprocessing = 0;
		};
		A1D7F7061D9DFE8E00302726 /* Frameworks */ = {
			isa = PBXFrameworksBuildPhase;
			buildActionMask = 2147483647;
			files = (
			);
			runOnlyForDeploymentPostprocessing = 0;
		};
/* End PBXFrameworksBuildPhase section */

/* Begin PBXGroup section */
		A1D7F6EC1D9DFE8E00302726 = {
			isa = PBXGroup;
			children = (
				A1D7F6F71D9DFE8E00302726 /* practiceGit */,
				A1D7F70C1D9DFE8E00302726 /* practiceGitTests */,
				A1D7F6F61D9DFE8E00302726 /* Products */,
			);
			sourceTree = "<group>";
		};
		A1D7F6F61D9DFE8E00302726 /* Products */ = {
			isa = PBXGroup;
			children = (
				A1D7F6F51D9DFE8E00302726 /* practiceGit.app */,
				A1D7F7091D9DFE8E00302726 /* practiceGitTests.xctest */,
			);
			name = Products;
			sourceTree = "<group>";
		};
		A1D7F6F71D9DFE8E00302726 /* practiceGit */ = {
			isa = PBXGroup;
			children = (
				A1D7F6F81D9DFE8E00302726 /* AppDelegate.swift */,
				A1D7F6FA1D9DFE8E00302726 /* ViewController.swift */,
				A1D7F6FC1D9DFE8E00302726 /* Main.storyboard */,
				A1D7F6FF1D9DFE8E00302726 /* Assets.xcassets */,
				A1D7F7011D9DFE8E00302726 /* LaunchScreen.storyboard */,
				A1D7F7041D9DFE8E00302726 /* Info.plist */,
			);
			path = practiceGit;
			sourceTree = "<group>";
		};
		A1D7F70C1D9DFE8E00302726 /* practiceGitTests */ = {
			isa = PBXGroup;
			children = (
				A1D7F70D1D9DFE8E00302726 /* practiceGitTests.swift */,
				A1D7F70F1D9DFE8E00302726 /* Info.plist */,
			);
			path = practiceGitTests;
			sourceTree = "<group>";
		};
/* End PBXGroup section */

/* Begin PBXNativeTarget section */
		A1D7F6F41D9DFE8E00302726 /* practiceGit */ = {
			isa = PBXNativeTarget;
			buildConfigurationList = A1D7F7121D9DFE8E00302726 /* Build configuration list for PBXNativeTarget "practiceGit" */;
			buildPhases = (
				A1D7F6F11D9DFE8E00302726 /* Sources */,
				A1D7F6F21D9DFE8E00302726 /* Frameworks */,
				A1D7F6F31D9DFE8E00302726 /* Resources */,
			);
			buildRules = (
			);
			dependencies = (
			);
			name = practiceGit;
			productName = practiceGit;
			productReference = A1D7F6F51D9DFE8E00302726 /* practiceGit.app */;
			productType = "com.apple.product-type.application";
		};
		A1D7F7081D9DFE8E00302726 /* practiceGitTests */ = {
			isa = PBXNativeTarget;
			buildConfigurationList = A1D7F7151D9DFE8E00302726 /* Build configuration list for PBXNativeTarget "practiceGitTests" */;
			buildPhases = (
				A1D7F7051D9DFE8E00302726 /* Sources */,
				A1D7F7061D9DFE8E00302726 /* Frameworks */,
				A1D7F7071D9DFE8E00302726 /* Resources */,
			);
			buildRules = (
			);
			dependencies = (
				A1D7F70B1D9DFE8E00302726 /* PBXTargetDependency */,
			);
			name = practiceGitTests;
			productName = practiceGitTests;
			productReference = A1D7F7091D9DFE8E00302726 /* practiceGitTests.xctest */;
			productType = "com.apple.product-type.bundle.unit-test";
		};
/* End PBXNativeTarget section */

/* Begin PBXProject section */
		A1D7F6ED1D9DFE8E00302726 /* Project object */ = {
			isa = PBXProject;
			attributes = {
				LastSwiftUpdateCheck = 0730;
				LastUpgradeCheck = 0730;
				ORGANIZATIONNAME = "Chris Hovey";
				TargetAttributes = {
					A1D7F6F41D9DFE8E00302726 = {
						CreatedOnToolsVersion = 7.3.1;
					};
					A1D7F7081D9DFE8E00302726 = {
						CreatedOnToolsVersion = 7.3.1;
						TestTargetID = A1D7F6F41D9DFE8E00302726;
					};
				};
			};
			buildConfigurationList = A1D7F6F01D9DFE8E00302726 /* Build configuration list for PBXProject "practiceGit" */;
			compatibilityVersion = "Xcode 3.2";
			developmentRegion = English;
			hasScannedForEncodings = 0;
			knownRegions = (
				en,
				Base,
			);
			mainGroup = A1D7F6EC1D9DFE8E00302726;
			productRefGroup = A1D7F6F61D9DFE8E00302726 /* Products */;
			projectDirPath = "";
			projectRoot = "";
			targets = (
				A1D7F6F41D9DFE8E00302726 /* practiceGit */,
				A1D7F7081D9DFE8E00302726 /* practiceGitTests */,
			);
		};
/* End PBXProject section */

/* Begin PBXResourcesBuildPhase section */
		A1D7F6F31D9DFE8E00302726 /* Resources */ = {
			isa = PBXResourcesBuildPhase;
			buildActionMask = 2147483647;
			files = (
				A1D7F7031D9DFE8E00302726 /* LaunchScreen.storyboard in Resources */,
				A1D7F7001D9DFE8E00302726 /* Assets.xcassets in Resources */,
				A1D7F6FE1D9DFE8E00302726 /* Main.storyboard in Resources */,
			);
			runOnlyForDeploymentPostprocessing = 0;
		};
		A1D7F7071D9DFE8E00302726 /* Resources */ = {
			isa = PBXResourcesBuildPhase;
			buildActionMask = 2147483647;
			files = (
			);
			runOnlyForDeploymentPostprocessing = 0;
		};
/* End PBXResourcesBuildPhase section */

/* Begin PBXSourcesBuildPhase section */
		A1D7F6F11D9DFE8E00302726 /* Sources */ = {
			isa = PBXSourcesBuildPhase;
			buildActionMask = 2147483647;
			files = (
				A1D7F6FB1D9DFE8E00302726 /* ViewController.swift in Sources */,
				A1D7F6F91D9DFE8E00302726 /* AppDelegate.swift in Sources */,
			);
			runOnlyForDeploymentPostprocessing = 0;
		};
		A1D7F7051D9DFE8E00302726 /* Sources */ = {
			isa = PBXSourcesBuildPhase;
			buildActionMask = 2147483647;
			files = (
				A1D7F70E1D9DFE8E00302726 /* practiceGitTests.swift in Sources */,
			);
			runOnlyForDeploymentPostprocessing = 0;
		};
/* End PBXSourcesBuildPhase section */

/* Begin PBXTargetDependency section */
		A1D7F70B1D9DFE8E00302726 /* PBXTargetDependency */ = {
			isa = PBXTargetDependency;
			target = A1D7F6F41D9DFE8E00302726 /* practiceGit */;
			targetProxy = A1D7F70A1D9DFE8E00302726 /* PBXContainerItemProxy */;
		};
/* End PBXTargetDependency section */

/* Begin PBXVariantGroup section */
		A1D7F6FC1D9DFE8E00302726 /* Main.storyboard */ = {
			isa = PBXVariantGroup;
			children = (
				A1D7F6FD1D9DFE8E00302726 /* Base */,
			);
			name = Main.storyboard;
			sourceTree = "<group>";
		};
		A1D7F7011D9DFE8E00302726 /* LaunchScreen.storyboard */ = {
			isa = PBXVariantGroup;
			children = (
				A1D7F7021D9DFE8E00302726 /* Base */,
			);
			name = LaunchScreen.storyboard;
			sourceTree = "<group>";
		};
/* End PBXVariantGroup section */

/* Begin XCBuildConfiguration section */
		A1D7F7101D9DFE8E00302726 /* Debug */ = {
			isa = XCBuildConfiguration;
			buildSettings = {
				ALWAYS_SEARCH_USER_PATHS = NO;
				CLANG_ANALYZER_NONNULL = YES;
				CLANG_CXX_LANGUAGE_STANDARD = "gnu++0x";
				CLANG_CXX_LIBRARY = "libc++";
				CLANG_ENABLE_MODULES = YES;
				CLANG_ENABLE_OBJC_ARC = YES;
				CLANG_WARN_BOOL_CONVERSION = YES;
				CLANG_WARN_CONSTANT_CONVERSION = YES;
				CLANG_WARN_DIRECT_OBJC_ISA_USAGE = YES_ERROR;
				CLANG_WARN_EMPTY_BODY = YES;
				CLANG_WARN_ENUM_CONVERSION = YES;
				CLANG_WARN_INT_CONVERSION = YES;
				CLANG_WARN_OBJC_ROOT_CLASS = YES_ERROR;
				CLANG_WARN_UNREACHABLE_CODE = YES;
				CLANG_WARN__DUPLICATE_METHOD_MATCH = YES;
				"CODE_SIGN_IDENTITY[sdk=iphoneos*]" = "iPhone Developer";
				COPY_PHASE_STRIP = NO;
				DEBUG_INFORMATION_FORMAT = dwarf;
				ENABLE_STRICT_OBJC_MSGSEND = YES;
				ENABLE_TESTABILITY = YES;
				GCC_C_LANGUAGE_STANDARD = gnu99;
				GCC_DYNAMIC_NO_PIC = NO;
				GCC_NO_COMMON_BLOCKS = YES;
				GCC_OPTIMIZATION_LEVEL = 0;
				GCC_PREPROCESSOR_DEFINITIONS = (
					"DEBUG=1",
					"$(inherited)",
				);
				GCC_WARN_64_TO_32_BIT_CONVERSION = YES;
				GCC_WARN_ABOUT_RETURN_TYPE = YES_ERROR;
				GCC_WARN_UNDECLARED_SELECTOR = YES;
				GCC_WARN_UNINITIALIZED_AUTOS = YES_AGGRESSIVE;
				GCC_WARN_UNUSED_FUNCTION = YES;
				GCC_WARN_UNUSED_VARIABLE = YES;
				IPHONEOS_DEPLOYMENT_TARGET = 9.3;
				MTL_ENABLE_DEBUG_INFO = YES;
				ONLY_ACTIVE_ARCH = YES;
				SDKROOT = iphoneos;
				SWIFT_OPTIMIZATION_LEVEL = "-Onone";
				TARGETED_DEVICE_FAMILY = "1,2";
			};
			name = Debug;
		};
		A1D7F7111D9DFE8E00302726 /* Release */ = {
			isa = XCBuildConfiguration;
			buildSettings = {
				ALWAYS_SEARCH_USER_PATHS = NO;
				CLANG_ANALYZER_NONNULL = YES;
				CLANG_CXX_LANGUAGE_STANDARD = "gnu++0x";
				CLANG_CXX_LIBRARY = "libc++";
				CLANG_ENABLE_MODULES = YES;
				CLANG_ENABLE_OBJC_ARC = YES;
				CLANG_WARN_BOOL_CONVERSION = YES;
				CLANG_WARN_CONSTANT_CONVERSION = YES;
				CLANG_WARN_DIRECT_OBJC_ISA_USAGE = YES_ERROR;
				CLANG_WARN_EMPTY_BODY = YES;
				CLANG_WARN_ENUM_CONVERSION = YES;
				CLANG_WARN_INT_CONVERSION = YES;
				CLANG_WARN_OBJC_ROOT_CLASS = YES_ERROR;
				CLANG_WARN_UNREACHABLE_CODE = YES;
				CLANG_WARN__DUPLICATE_METHOD_MATCH = YES;
				"CODE_SIGN_IDENTITY[sdk=iphoneos*]" = "iPhone Developer";
				COPY_PHASE_STRIP = NO;
				DEBUG_INFORMATION_FORMAT = "dwarf-with-dsym";
				ENABLE_NS_ASSERTIONS = NO;
				ENABLE_STRICT_OBJC_MSGSEND = YES;
				GCC_C_LANGUAGE_STANDARD = gnu99;
				GCC_NO_COMMON_BLOCKS = YES;
				GCC_WARN_64_TO_32_BIT_CONVERSION = YES;
				GCC_WARN_ABOUT_RETURN_TYPE = YES_ERROR;
				GCC_WARN_UNDECLARED_SELECTOR = YES;
				GCC_WARN_UNINITIALIZED_AUTOS = YES_AGGRESSIVE;
				GCC_WARN_UNUSED_FUNCTION = YES;
				GCC_WARN_UNUSED_VARIABLE = YES;
				IPHONEOS_DEPLOYMENT_TARGET = 9.3;
				MTL_ENABLE_DEBUG_INFO = NO;
				SDKROOT = iphoneos;
				TARGETED_DEVICE_FAMILY = "1,2";
				VALIDATE_PRODUCT = YES;
			};
			name = Release;
		};
		A1D7F7131D9DFE8E00302726 /* Debug */ = {
			isa = XCBuildConfiguration;
			buildSettings = {
				ASSETCATALOG_COMPILER_APPICON_NAME = AppIcon;
				INFOPLIST_FILE = practiceGit/Info.plist;
				LD_RUNPATH_SEARCH_PATHS = "$(inherited) @executable_path/Frameworks";
				PRODUCT_BUNDLE_IDENTIFIER = com.chrishovey.practiceGit;
				PRODUCT_NAME = "$(TARGET_NAME)";
			};
			name = Debug;
		};
		A1D7F7141D9DFE8E00302726 /* Release */ = {
			isa = XCBuildConfiguration;
			buildSettings = {
				ASSETCATALOG_COMPILER_APPICON_NAME = AppIcon;
				INFOPLIST_FILE = practiceGit/Info.plist;
				LD_RUNPATH_SEARCH_PATHS = "$(inherited) @executable_path/Frameworks";
				PRODUCT_BUNDLE_IDENTIFIER = com.chrishovey.practiceGit;
				PRODUCT_NAME = "$(TARGET_NAME)";
			};
			name = Release;
		};
		A1D7F7161D9DFE8E00302726 /* Debug */ = {
			isa = XCBuildConfiguration;
			buildSettings = {
				BUNDLE_LOADER = "$(TEST_HOST)";
				INFOPLIST_FILE = practiceGitTests/Info.plist;
				LD_RUNPATH_SEARCH_PATHS = "$(inherited) @executable_path/Frameworks @loader_path/Frameworks";
				PRODUCT_BUNDLE_IDENTIFIER = com.chrishovey.practiceGitTests;
				PRODUCT_NAME = "$(TARGET_NAME)";
				TEST_HOST = "$(BUILT_PRODUCTS_DIR)/practiceGit.app/practiceGit";
			};
			name = Debug;
		};
		A1D7F7171D9DFE8E00302726 /* Release */ = {
			isa = XCBuildConfiguration;
			buildSettings = {
				BUNDLE_LOADER = "$(TEST_HOST)";
				INFOPLIST_FILE = practiceGitTests/Info.plist;
				LD_RUNPATH_SEARCH_PATHS = "$(inherited) @executable_path/Frameworks @loader_path/Frameworks";
				PRODUCT_BUNDLE_IDENTIFIER = com.chrishovey.practiceGitTests;
				PRODUCT_NAME = "$(TARGET_NAME)";
				TEST_HOST = "$(BUILT_PRODUCTS_DIR)/practiceGit.app/practiceGit";
			};
			name = Release;
		};
/* End XCBuildConfiguration section */

/* Begin XCConfigurationList section */
		A1D7F6F01D9DFE8E00302726 /* Build configuration list for PBXProject "practiceGit" */ = {
			isa = XCConfigurationList;
			buildConfigurations = (
				A1D7F7101D9DFE8E00302726 /* Debug */,
				A1D7F7111D9DFE8E00302726 /* Release */,
			);
			defaultConfigurationIsVisible = 0;
			defaultConfigurationName = Release;
		};
		A1D7F7121D9DFE8E00302726 /* Build configuration list for PBXNativeTarget "practiceGit" */ = {
			isa = XCConfigurationList;
			buildConfigurations = (
				A1D7F7131D9DFE8E00302726 /* Debug */,
				A1D7F7141D9DFE8E00302726 /* Release */,
			);
			defaultConfigurationIsVisible = 0;
		};
		A1D7F7151D9DFE8E00302726 /* Build configuration list for PBXNativeTarget "practiceGitTests" */ = {
			isa = XCConfigurationList;
			buildConfigurations = (
				A1D7F7161D9DFE8E00302726 /* Debug */,
				A1D7F7171D9DFE8E00302726 /* Release */,
			);
			defaultConfigurationIsVisible = 0;
		};
/* End XCConfigurationList section */
	};
	rootObject = A1D7F6ED1D9DFE8E00302726 /* Project object */;
}
